
Microsoft Visual Studio Solution File, Format Version 12.00
# Visual Studio Version 16
VisualStudioVersion = 16.0.31727.386
MinimumVisualStudioVersion = 10.0.40219.1
Project("{9A19103F-16F7-4668-BE54-9A1E7A4F7556}") = "NoroffAssignment1", "NoroffAssignment1\NoroffAssignment1.csproj", "{BB7FDB87-1CFD-4CD8-A29A-CFE8DC5E544B}"
EndProject
Project("{9A19103F-16F7-4668-BE54-9A1E7A4F7556}") = "DiabloTestProject", "DiabloTestProject\DiabloTestProject.csproj", "{6187D457-F118-452D-8C47-1D83ABE1E29F}"
EndProject
Project("{2150E333-8FDC-42A3-9474-1A3956D46DE8}") = "Solution Items", "Solution Items", "{F6BE1902-A0DF-4499-9750-D6547FCE5951}"
	ProjectSection(SolutionItems) = preProject
		..\..\..\..\Downloads\Assignment 1_CSharp_RPGCharacters.pdf = ..\..\..\..\Downloads\Assignment 1_CSharp_RPGCharacters.pdf
	EndProjectSection
EndProject
Global
	GlobalSection(SolutionConfigurationPlatforms) = preSolution
		Debug|Any CPU = Debug|Any CPU
		Release|Any CPU = Release|Any CPU
	EndGlobalSection
	GlobalSection(ProjectConfigurationPlatforms) = postSolution
		{BB7FDB87-1CFD-4CD8-A29A-CFE8DC5E544B}.Debug|Any CPU.ActiveCfg = Debug|Any CPU
		{BB7FDB87-1CFD-4CD8-A29A-CFE8DC5E544B}.Debug|Any CPU.Build.0 = Debug|Any CPU
		{BB7FDB87-1CFD-4CD8-A29A-CFE8DC5E544B}.Release|Any CPU.ActiveCfg = Release|Any CPU
		{BB7FDB87-1CFD-4CD8-A29A-CFE8DC5E544B}.Release|Any CPU.Build.0 = Release|Any CPU
		{6187D457-F118-452D-8C47-1D83ABE1E29F}.Debug|Any CPU.ActiveCfg = Debug|Any CPU
		{6187D457-F118-452D-8C47-1D83ABE1E29F}.Debug|Any CPU.Build.0 = Debug|Any CPU
		{6187D457-F118-452D-8C47-1D83ABE1E29F}.Release|Any CPU.ActiveCfg = Release|Any CPU
		{6187D457-F118-452D-8C47-1D83ABE1E29F}.Release|Any CPU.Build.0 = Release|Any CPU
	EndGlobalSection
	GlobalSection(SolutionProperties) = preSolution
		HideSolutionNode = FALSE
	EndGlobalSection
	GlobalSection(ExtensibilityGlobals) = postSolution
		SolutionGuid = {1C764A9A-C39F-4BE7-A4F8-BFD5E1D702CC}
	EndGlobalSection
EndGlobal
